
Microsoft Visual Studio Solution File, Format Version 12.00
# Visual Studio Version 17
VisualStudioVersion = 17.10.34928.147
MinimumVisualStudioVersion = 10.0.40219.1
Project("{FAE04EC0-301F-11D3-BF4B-00C04F79EFBC}") = "Setareh.DAL", "Setareh.DAL\Setareh.DAL.csproj", "{A1F649D4-772C-4D3A-ACA6-CEC4BE111C22}"
EndProject
Project("{FAE04EC0-301F-11D3-BF4B-00C04F79EFBC}") = "Setareh.Bussines", "Setareh.Bussines\Setareh.Bussines.csproj", "{AB5EEFF0-2601-4501-8280-EBE881393A79}"
EndProject
Project("{FAE04EC0-301F-11D3-BF4B-00C04F79EFBC}") = "Setareh.Web", "Setareh.Web\Setareh.Web.csproj", "{D337A9F8-3A3D-4709-BCEF-F0383D195B4B}"
EndProject
Global
	GlobalSection(SolutionConfigurationPlatforms) = preSolution
		Debug|Any CPU = Debug|Any CPU
		Release|Any CPU = Release|Any CPU
	EndGlobalSection
	GlobalSection(ProjectConfigurationPlatforms) = postSolution
		{A1F649D4-772C-4D3A-ACA6-CEC4BE111C22}.Debug|Any CPU.ActiveCfg = Debug|Any CPU
		{A1F649D4-772C-4D3A-ACA6-CEC4BE111C22}.Debug|Any CPU.Build.0 = Debug|Any CPU
		{A1F649D4-772C-4D3A-ACA6-CEC4BE111C22}.Release|Any CPU.ActiveCfg = Release|Any CPU
		{A1F649D4-772C-4D3A-ACA6-CEC4BE111C22}.Release|Any CPU.Build.0 = Release|Any CPU
		{AB5EEFF0-2601-4501-8280-EBE881393A79}.Debug|Any CPU.ActiveCfg = Debug|Any CPU
		{AB5EEFF0-2601-4501-8280-EBE881393A79}.Debug|Any CPU.Build.0 = Debug|Any CPU
		{AB5EEFF0-2601-4501-8280-EBE881393A79}.Release|Any CPU.ActiveCfg = Release|Any CPU
		{AB5EEFF0-2601-4501-8280-EBE881393A79}.Release|Any CPU.Build.0 = Release|Any CPU
		{D337A9F8-3A3D-4709-BCEF-F0383D195B4B}.Debug|Any CPU.ActiveCfg = Debug|Any CPU
		{D337A9F8-3A3D-4709-BCEF-F0383D195B4B}.Debug|Any CPU.Build.0 = Debug|Any CPU
		{D337A9F8-3A3D-4709-BCEF-F0383D195B4B}.Release|Any CPU.ActiveCfg = Release|Any CPU
		{D337A9F8-3A3D-4709-BCEF-F0383D195B4B}.Release|Any CPU.Build.0 = Release|Any CPU
	EndGlobalSection
	GlobalSection(SolutionProperties) = preSolution
		HideSolutionNode = FALSE
	EndGlobalSection
	GlobalSection(ExtensibilityGlobals) = postSolution
		SolutionGuid = {C4E902A8-3CDB-4B8F-A8EE-2AA01F684CC5}
	EndGlobalSection
EndGlobal
